#
# This file is autogenerated by pip-compile with Python 3.11
# by the following command:
#
#    pip-compile --output-file=requirements.lock --strip-extras requirements-cloudrun.txt
#
beautifulsoup4==4.15.0
    # via yfinance
blinker==1.9.0
    # via flask
certifi==2026.6.17
    # via
    #   curl-cffi
    #   requests
cffi==2.1.0
    # via
    #   cryptography
    #   curl-cffi
charset-normalizer==3.4.9
    # via requests
click==8.4.2
    # via flask
colorama==0.4.6
    # via click
cryptography==49.0.0
    # via google-auth
curl-cffi==0.15.0
    # via yfinance
flask==3.1.3
    # via -r requirements-cloudrun.txt
google-api-core==2.31.0
    # via
    #   google-cloud-core
    #   google-cloud-storage
google-auth==2.55.2
    # via
    #   google-api-core
    #   google-cloud-core
    #   google-cloud-storage
google-cloud-core==2.6.0
    # via google-cloud-storage
google-cloud-storage==3.12.1
    # via -r requirements-cloudrun.txt
google-crc32c==1.8.0
    # via
    #   google-cloud-storage
    #   google-resumable-media
google-resumable-media==2.10.0
    # via google-cloud-storage
googleapis-common-protos==1.75.0
    # via google-api-core
gunicorn==23.0.0
    # via -r requirements-cloudrun.txt
idna==3.18
    # via requests
itsdangerous==2.2.0
    # via flask
jinja2==3.1.6
    # via flask
joblib==1.5.3
    # via scikit-learn
lightgbm==4.6.0
    # via -r requirements.txt
markdown-it-py==4.2.0
    # via rich
markupsafe==3.0.3
    # via
    #   flask
    #   jinja2
    #   werkzeug
mdurl==0.1.2
    # via markdown-it-py
multitasking==0.0.13
    # via yfinance
narwhals==2.23.0
    # via scikit-learn
numpy==2.4.6
    # via
    #   -r requirements.txt
    #   lightgbm
    #   pandas
    #   patsy
    #   scikit-learn
    #   scipy
    #   statsmodels
    #   yfinance
packaging==26.2
    # via
    #   gunicorn
    #   statsmodels
pandas==2.3.3
    # via
    #   -r requirements.txt
    #   statsmodels
    #   yfinance
patsy==1.0.2
    # via statsmodels
peewee==4.1.2
    # via yfinance
platformdirs==4.10.0
    # via yfinance
proto-plus==1.28.1
    # via google-api-core
protobuf==7.35.1
    # via
    #   google-api-core
    #   googleapis-common-protos
    #   proto-plus
    #   yfinance
pyasn1==0.6.4
    # via pyasn1-modules
pyasn1-modules==0.4.2
    # via google-auth
pycparser==3.0
    # via cffi
pygments==2.20.0
    # via rich
python-dateutil==2.9.0.post0
    # via pandas
pytz==2026.2
    # via
    #   pandas
    #   yfinance
requests==2.34.2
    # via
    #   google-api-core
    #   google-cloud-storage
    #   yfinance
rich==15.0.0
    # via curl-cffi
scikit-learn==1.9.0
    # via -r requirements.txt
scipy==1.17.1
    # via
    #   lightgbm
    #   scikit-learn
    #   statsmodels
six==1.17.0
    # via python-dateutil
soupsieve==2.8.4
    # via beautifulsoup4
statsmodels==0.14.6
    # via -r requirements.txt
threadpoolctl==3.6.0
    # via scikit-learn
typing-extensions==4.16.0
    # via beautifulsoup4
tzdata==2026.3
    # via pandas
urllib3==2.7.0
    # via requests
websockets==16.1
    # via yfinance
werkzeug==3.1.8
    # via flask
yfinance==1.5.1
    # via -r requirements.txt
